
Microsoft Visual Studio Solution File, Format Version 12.00
# Visual Studio Version 16
VisualStudioVersion = 16.0.29911.84
MinimumVisualStudioVersion = 10.0.40219.1
Project("{FAE04EC0-301F-11D3-BF4B-00C04F79EFBC}") = "oxyHubRazor", "oxyHubRazor\oxyHubRazor.csproj", "{C463C876-A221-4D5F-B6BF-3F6855FC9E28}"
EndProject
Global
	GlobalSection(SolutionConfigurationPlatforms) = preSolution
		Debug|Any CPU = Debug|Any CPU
		Release|Any CPU = Release|Any CPU
	EndGlobalSection
	GlobalSection(ProjectConfigurationPlatforms) = postSolution
		{C463C876-A221-4D5F-B6BF-3F6855FC9E28}.Debug|Any CPU.ActiveCfg = Debug|Any CPU
		{C463C876-A221-4D5F-B6BF-3F6855FC9E28}.Debug|Any CPU.Build.0 = Debug|Any CPU
		{C463C876-A221-4D5F-B6BF-3F6855FC9E28}.Release|Any CPU.ActiveCfg = Release|Any CPU
		{C463C876-A221-4D5F-B6BF-3F6855FC9E28}.Release|Any CPU.Build.0 = Release|Any CPU
	EndGlobalSection
	GlobalSection(SolutionProperties) = preSolution
		HideSolutionNode = FALSE
	EndGlobalSection
	GlobalSection(ExtensibilityGlobals) = postSolution
		SolutionGuid = {C6CD31CA-6D5D-4B63-9B15-CEF75B3A22A4}
	EndGlobalSection
EndGlobal
